
Microsoft Visual Studio Solution File, Format Version 12.00
# Visual Studio 2013
VisualStudioVersion = 12.0.31101.0
MinimumVisualStudioVersion = 10.0.40219.1
Project("{FAE04EC0-301F-11D3-BF4B-00C04F79EFBC}") = "Host", "SelfHostWebApi\Host.csproj", "{88769773-586F-4BBB-B8C7-0E697B0CB13D}"
EndProject
Project("{FAE04EC0-301F-11D3-BF4B-00C04F79EFBC}") = "Domain", "Domain\Domain.csproj", "{02959324-A923-4B1B-B5C2-59C208D85048}"
EndProject
Project("{FAE04EC0-301F-11D3-BF4B-00C04F79EFBC}") = "Client", "Client\Client.csproj", "{371A76F2-A850-422F-A491-8BF6A460390E}"
EndProject
Global
	GlobalSection(SolutionConfigurationPlatforms) = preSolution
		Debug|Any CPU = Debug|Any CPU
		Release|Any CPU = Release|Any CPU
	EndGlobalSection
	GlobalSection(ProjectConfigurationPlatforms) = postSolution
		{88769773-586F-4BBB-B8C7-0E697B0CB13D}.Debug|Any CPU.ActiveCfg = Debug|Any CPU
		{88769773-586F-4BBB-B8C7-0E697B0CB13D}.Debug|Any CPU.Build.0 = Debug|Any CPU
		{88769773-586F-4BBB-B8C7-0E697B0CB13D}.Release|Any CPU.ActiveCfg = Release|Any CPU
		{88769773-586F-4BBB-B8C7-0E697B0CB13D}.Release|Any CPU.Build.0 = Release|Any CPU
		{02959324-A923-4B1B-B5C2-59C208D85048}.Debug|Any CPU.ActiveCfg = Debug|Any CPU
		{02959324-A923-4B1B-B5C2-59C208D85048}.Debug|Any CPU.Build.0 = Debug|Any CPU
		{02959324-A923-4B1B-B5C2-59C208D85048}.Release|Any CPU.ActiveCfg = Release|Any CPU
		{02959324-A923-4B1B-B5C2-59C208D85048}.Release|Any CPU.Build.0 = Release|Any CPU
		{371A76F2-A850-422F-A491-8BF6A460390E}.Debug|Any CPU.ActiveCfg = Debug|Any CPU
		{371A76F2-A850-422F-A491-8BF6A460390E}.Debug|Any CPU.Build.0 = Debug|Any CPU
		{371A76F2-A850-422F-A491-8BF6A460390E}.Release|Any CPU.ActiveCfg = Release|Any CPU
		{371A76F2-A850-422F-A491-8BF6A460390E}.Release|Any CPU.Build.0 = Release|Any CPU
	EndGlobalSection
	GlobalSection(SolutionProperties) = preSolution
		HideSolutionNode = FALSE
	EndGlobalSection
EndGlobal
